
Microsoft Visual Studio Solution File, Format Version 12.00
# Visual Studio Version 17
VisualStudioVersion = 17.12.35527.113 d17.12
MinimumVisualStudioVersion = 10.0.40219.1
Project("{FAE04EC0-301F-11D3-BF4B-00C04F79EFBC}") = "FINALPROJECT(inventory)", "FINALPROJECT(inventory)\FINALPROJECT(inventory).csproj", "{6E396C68-7CDE-44C4-956B-F5BFB24CF001}"
EndProject
Global
	GlobalSection(SolutionConfigurationPlatforms) = preSolution
		Debug|Any CPU = Debug|Any CPU
		Release|Any CPU = Release|Any CPU
	EndGlobalSection
	GlobalSection(ProjectConfigurationPlatforms) = postSolution
		{6E396C68-7CDE-44C4-956B-F5BFB24CF001}.Debug|Any CPU.ActiveCfg = Debug|Any CPU
		{6E396C68-7CDE-44C4-956B-F5BFB24CF001}.Debug|Any CPU.Build.0 = Debug|Any CPU
		{6E396C68-7CDE-44C4-956B-F5BFB24CF001}.Release|Any CPU.ActiveCfg = Release|Any CPU
		{6E396C68-7CDE-44C4-956B-F5BFB24CF001}.Release|Any CPU.Build.0 = Release|Any CPU
	EndGlobalSection
	GlobalSection(SolutionProperties) = preSolution
		HideSolutionNode = FALSE
	EndGlobalSection
EndGlobal
